
Microsoft Visual Studio Solution File, Format Version 12.00
Project("{FAE04EC0-301F-11D3-BF4B-00C04F79EFBC}") = "Euler13", "Euler13\Euler13.csproj", "{CACD5416-B114-4679-9192-088D5B280D52}"
EndProject
Global
	GlobalSection(SolutionConfigurationPlatforms) = preSolution
		Debug|Any CPU = Debug|Any CPU
		Release|Any CPU = Release|Any CPU
	EndGlobalSection
	GlobalSection(ProjectConfigurationPlatforms) = postSolution
		{CACD5416-B114-4679-9192-088D5B280D52}.Debug|Any CPU.ActiveCfg = Debug|Any CPU
		{CACD5416-B114-4679-9192-088D5B280D52}.Debug|Any CPU.Build.0 = Debug|Any CPU
		{CACD5416-B114-4679-9192-088D5B280D52}.Release|Any CPU.ActiveCfg = Release|Any CPU
		{CACD5416-B114-4679-9192-088D5B280D52}.Release|Any CPU.Build.0 = Release|Any CPU
	EndGlobalSection
EndGlobal
