
Microsoft Visual Studio Solution File, Format Version 12.00
Project("{FAE04EC0-301F-11D3-BF4B-00C04F79EFBC}") = "Euler8", "Euler8\Euler8.csproj", "{C0CA3EC9-E90A-439F-8E32-98D537193685}"
EndProject
Global
	GlobalSection(SolutionConfigurationPlatforms) = preSolution
		Debug|Any CPU = Debug|Any CPU
		Release|Any CPU = Release|Any CPU
	EndGlobalSection
	GlobalSection(ProjectConfigurationPlatforms) = postSolution
		{C0CA3EC9-E90A-439F-8E32-98D537193685}.Debug|Any CPU.ActiveCfg = Debug|Any CPU
		{C0CA3EC9-E90A-439F-8E32-98D537193685}.Debug|Any CPU.Build.0 = Debug|Any CPU
		{C0CA3EC9-E90A-439F-8E32-98D537193685}.Release|Any CPU.ActiveCfg = Release|Any CPU
		{C0CA3EC9-E90A-439F-8E32-98D537193685}.Release|Any CPU.Build.0 = Release|Any CPU
	EndGlobalSection
EndGlobal
